
Microsoft Visual Studio Solution File, Format Version 12.00
# Visual Studio Version 16
VisualStudioVersion = 16.0.28729.10
MinimumVisualStudioVersion = 15.0.26124.0
Project("{FAE04EC0-301F-11D3-BF4B-00C04F79EFBC}") = "LayItOut", "src\LayItOut\LayItOut.csproj", "{44DC65F8-0361-4A7D-8DE2-AF1744DA1E03}"
EndProject
Project("{FAE04EC0-301F-11D3-BF4B-00C04F79EFBC}") = "LayItOut.Tests", "tests\LayItOut.Tests\LayItOut.Tests.csproj", "{3F5F9A96-0DF5-4BD0-8C29-2865B1137BDB}"
EndProject
Global
	GlobalSection(SolutionConfigurationPlatforms) = preSolution
		Debug|Any CPU = Debug|Any CPU
		Release|Any CPU = Release|Any CPU
	EndGlobalSection
	GlobalSection(ProjectConfigurationPlatforms) = postSolution
		{44DC65F8-0361-4A7D-8DE2-AF1744DA1E03}.Debug|Any CPU.ActiveCfg = Debug|Any CPU
		{44DC65F8-0361-4A7D-8DE2-AF1744DA1E03}.Debug|Any CPU.Build.0 = Debug|Any CPU
		{44DC65F8-0361-4A7D-8DE2-AF1744DA1E03}.Release|Any CPU.ActiveCfg = Release|Any CPU
		{44DC65F8-0361-4A7D-8DE2-AF1744DA1E03}.Release|Any CPU.Build.0 = Release|Any CPU
		{3F5F9A96-0DF5-4BD0-8C29-2865B1137BDB}.Debug|Any CPU.ActiveCfg = Debug|Any CPU
		{3F5F9A96-0DF5-4BD0-8C29-2865B1137BDB}.Debug|Any CPU.Build.0 = Debug|Any CPU
		{3F5F9A96-0DF5-4BD0-8C29-2865B1137BDB}.Release|Any CPU.ActiveCfg = Release|Any CPU
		{3F5F9A96-0DF5-4BD0-8C29-2865B1137BDB}.Release|Any CPU.Build.0 = Release|Any CPU
	EndGlobalSection
	GlobalSection(SolutionProperties) = preSolution
		HideSolutionNode = FALSE
	EndGlobalSection
	GlobalSection(ExtensibilityGlobals) = postSolution
		SolutionGuid = {92498A3E-E87B-4BFA-82A3-B428E41445C9}
	EndGlobalSection
EndGlobal
